
Microsoft Visual Studio Solution File, Format Version 12.00
# Visual Studio 14
VisualStudioVersion = 14.0.24720.0
MinimumVisualStudioVersion = 10.0.40219.1
Project("{FAE04EC0-301F-11D3-BF4B-00C04F79EFBC}") = "Spruce", "Spruce\Spruce.csproj", "{B2D1CF95-0C41-47A9-B1BD-B330CF460F87}"
EndProject
Project("{FAE04EC0-301F-11D3-BF4B-00C04F79EFBC}") = "Spruce.Test", "Spruce.Test\Spruce.Test.csproj", "{1FAAFA48-B8FB-4391-9339-4D182889E530}"
EndProject
Global
	GlobalSection(SolutionConfigurationPlatforms) = preSolution
		Debug|Any CPU = Debug|Any CPU
		Release|Any CPU = Release|Any CPU
	EndGlobalSection
	GlobalSection(ProjectConfigurationPlatforms) = postSolution
		{B2D1CF95-0C41-47A9-B1BD-B330CF460F87}.Debug|Any CPU.ActiveCfg = Debug|Any CPU
		{B2D1CF95-0C41-47A9-B1BD-B330CF460F87}.Debug|Any CPU.Build.0 = Debug|Any CPU
		{B2D1CF95-0C41-47A9-B1BD-B330CF460F87}.Release|Any CPU.ActiveCfg = Release|Any CPU
		{B2D1CF95-0C41-47A9-B1BD-B330CF460F87}.Release|Any CPU.Build.0 = Release|Any CPU
		{1FAAFA48-B8FB-4391-9339-4D182889E530}.Debug|Any CPU.ActiveCfg = Debug|Any CPU
		{1FAAFA48-B8FB-4391-9339-4D182889E530}.Debug|Any CPU.Build.0 = Debug|Any CPU
		{1FAAFA48-B8FB-4391-9339-4D182889E530}.Release|Any CPU.ActiveCfg = Release|Any CPU
		{1FAAFA48-B8FB-4391-9339-4D182889E530}.Release|Any CPU.Build.0 = Release|Any CPU
	EndGlobalSection
	GlobalSection(SolutionProperties) = preSolution
		HideSolutionNode = FALSE
	EndGlobalSection
EndGlobal
